{
  "version": 4,
  "terraform_version": "1.5.6",
  "serial": 7,
  "lineage": "de25284d-2dde-364f-8ca3-b62bbade6795",
  "outputs": {},
  "resources": [
    {
      "mode": "managed",
      "type": "local_file",
      "name": "productos",
      "provider": "provider[\"registry.terraform.io/hashicorp/local\"]",
      "instances": [
        {
          "schema_version": 0,
          "attributes": {
            "content": "Lista de productos para el mes proximo de Daniel",
            "content_base64": null,
            "content_base64sha256": "Y7bpweaO+jrOfwwPvjeV9JCkC4DOzeeDUmZBvZxJTU0=",
            "content_base64sha512": "qugB3oJdIxeJ2WIjyfe3JDzejoitbFqmMxMsnHv9p8pefWslM9ty4PA/0f4cWbZLMk7IwbabplHqRYGc9OPyUQ==",
            "content_md5": "bf5258947429f330ac4c7eb410bb41b7",
            "content_sha1": "b95e95c1f8775076a65fdae6ab286f67008dec00",
            "content_sha256": "63b6e9c1e68efa3ace7f0c0fbe3795f490a40b80cecde783526641bd9c494d4d",
            "content_sha512": "aae801de825d231789d96223c9f7b7243cde8e88ad6c5aa633132c9c7bfda7ca5e7d6b2533db72e0f03fd1fe1c59b64b324ec8c1b69ba651ea45819cf4e3f251",
            "directory_permission": "0777",
            "file_permission": "0777",
            "filename": "productos.txt",
            "id": "b95e95c1f8775076a65fdae6ab286f67008dec00",
            "sensitive_content": null,
            "source": null
          },
          "sensitive_attributes": []
        }
      ]
    }
  ],
  "check_results": null
}
